// !$*UTF8*$!
{
	archiveVersion = 1;
	classes = {
	};
	objectVersion = 50;
	objects = {

/* Begin PBXBuildFile section */
		B69384EE20CE659F00EDAABF /* AppDelegate.m in Sources */ = {isa = PBXBuildFile; fileRef = B69384ED20CE659F00EDAABF /* AppDelegate.m */; };
		B69384F120CE659F00EDAABF /* ViewController.m in Sources */ = {isa = PBXBuildFile; fileRef = B69384F020CE659F00EDAABF /* ViewController.m */; };
		B69384F420CE659F00EDAABF /* Main.storyboard in Resources */ = {isa = PBXBuildFile; fileRef = B69384F220CE659F00EDAABF /* Main.storyboard */; };
		B69384F620CE65A000EDAABF /* Assets.xcassets in Resources */ = {isa = PBXBuildFile; fileRef = B69384F520CE65A000EDAABF /* Assets.xcassets */; };
		B69384F920CE65A000EDAABF /* LaunchScreen.storyboard in Resources */ = {isa = PBXBuildFile; fileRef = B69384F720CE65A000EDAABF /* LaunchScreen.storyboard */; };
		B69384FC20CE65A000EDAABF /* main.m in Sources */ = {isa = PBXBuildFile; fileRef = B69384FB20CE65A000EDAABF /* main.m */; };
		B693850420CE666D00EDAABF /* NotificationManager.m in Sources */ = {isa = PBXBuildFile; fileRef = B693850320CE666D00EDAABF /* NotificationManager.m */; };
		B693850720CE675F00EDAABF /* NotificationModel.m in Sources */ = {isa = PBXBuildFile; fileRef = B693850620CE675F00EDAABF /* NotificationModel.m */; };
		B693850A20CE7DAB00EDAABF /* AddViewController.m in Sources */ = {isa = PBXBuildFile; fileRef = B693850920CE7DAB00EDAABF /* AddViewController.m */; };
		B693850E20CE88BF00EDAABF /* NotificationCell.m in Sources */ = {isa = PBXBuildFile; fileRef = B693850C20CE88BF00EDAABF /* NotificationCell.m */; };
		B693850F20CE88BF00EDAABF /* NotificationCell.xib in Resources */ = {isa = PBXBuildFile; fileRef = B693850D20CE88BF00EDAABF /* NotificationCell.xib */; };
		B693851E20CFD81900EDAABF /* ExamplesViewController.m in Sources */ = {isa = PBXBuildFile; fileRef = B693851D20CFD81900EDAABF /* ExamplesViewController.m */; };
		B693852020CFDF5100EDAABF /* rank2.png in Resources */ = {isa = PBXBuildFile; fileRef = B693851F20CFDF5100EDAABF /* rank2.png */; };
		B693852220D0B51A00EDAABF /* combine.mp4 in Resources */ = {isa = PBXBuildFile; fileRef = B693852120D0B51A00EDAABF /* combine.mp4 */; };
/* End PBXBuildFile section */

/* Begin PBXFileReference section */
		B69384E920CE659F00EDAABF /* notificationAlert.app */ = {isa = PBXFileReference; explicitFileType = wrapper.application; includeInIndex = 0; path = notificationAlert.app; sourceTree = BUILT_PRODUCTS_DIR; };
		B69384EC20CE659F00EDAABF /* AppDelegate.h */ = {isa = PBXFileReference; lastKnownFileType = sourcecode.c.h; path = AppDelegate.h; sourceTree = "<group>"; };
		B69384ED20CE659F00EDAABF /* AppDelegate.m */ = {isa = PBXFileReference; lastKnownFileType = sourcecode.c.objc; path = AppDelegate.m; sourceTree = "<group>"; };
		B69384EF20CE659F00EDAABF /* ViewController.h */ = {isa = PBXFileReference; lastKnownFileType = sourcecode.c.h; path = ViewController.h; sourceTree = "<group>"; };
		B69384F020CE659F00EDAABF /* ViewController.m */ = {isa = PBXFileReference; lastKnownFileType = sourcecode.c.objc; path = ViewController.m; sourceTree = "<group>"; };
		B69384F320CE659F00EDAABF /* Base */ = {isa = PBXFileReference; lastKnownFileType = file.storyboard; name = Base; path = Base.lproj/Main.storyboard; sourceTree = "<group>"; };
		B69384F520CE65A000EDAABF /* Assets.xcassets */ = {isa = PBXFileReference; lastKnownFileType = folder.assetcatalog; path = Assets.xcassets; sourceTree = "<group>"; };
		B69384F820CE65A000EDAABF /* Base */ = {isa = PBXFileReference; lastKnownFileType = file.storyboard; name = Base; path = Base.lproj/LaunchScreen.storyboard; sourceTree = "<group>"; };
		B69384FA20CE65A000EDAABF /* Info.plist */ = {isa = PBXFileReference; lastKnownFileType = text.plist.xml; path = Info.plist; sourceTree = "<group>"; };
		B69384FB20CE65A000EDAABF /* main.m */ = {isa = PBXFileReference; lastKnownFileType = sourcecode.c.objc; path = main.m; sourceTree = "<group>"; };
		B693850220CE666D00EDAABF /* NotificationManager.h */ = {isa = PBXFileReference; lastKnownFileType = sourcecode.c.h; path = NotificationManager.h; sourceTree = "<group>"; };
		B693850320CE666D00EDAABF /* NotificationManager.m */ = {isa = PBXFileReference; lastKnownFileType = sourcecode.c.objc; path = NotificationManager.m; sourceTree = "<group>"; };
		B693850520CE675F00EDAABF /* NotificationModel.h */ = {isa = PBXFileReference; lastKnownFileType = sourcecode.c.h; path = NotificationModel.h; sourceTree = "<group>"; };
		B693850620CE675F00EDAABF /* NotificationModel.m */ = {isa = PBXFileReference; lastKnownFileType = sourcecode.c.objc; path = NotificationModel.m; sourceTree = "<group>"; };
		B693850820CE7DAB00EDAABF /* AddViewController.h */ = {isa = PBXFileReference; lastKnownFileType = sourcecode.c.h; path = AddViewController.h; sourceTree = "<group>"; };
		B693850920CE7DAB00EDAABF /* AddViewController.m */ = {isa = PBXFileReference; lastKnownFileType = sourcecode.c.objc; path = AddViewController.m; sourceTree = "<group>"; };
		B693850B20CE88BF00EDAABF /* NotificationCell.h */ = {isa = PBXFileReference; lastKnownFileType = sourcecode.c.h; path = NotificationCell.h; sourceTree = "<group>"; };
		B693850C20CE88BF00EDAABF /* NotificationCell.m */ = {isa = PBXFileReference; lastKnownFileType = sourcecode.c.objc; path = NotificationCell.m; sourceTree = "<group>"; };
		B693850D20CE88BF00EDAABF /* NotificationCell.xib */ = {isa = PBXFileReference; lastKnownFileType = file.xib; path = NotificationCell.xib; sourceTree = "<group>"; };
		B693851C20CFD81900EDAABF /* ExamplesViewController.h */ = {isa = PBXFileReference; lastKnownFileType = sourcecode.c.h; path = ExamplesViewController.h; sourceTree = "<group>"; };
		B693851D20CFD81900EDAABF /* ExamplesViewController.m */ = {isa = PBXFileReference; lastKnownFileType = sourcecode.c.objc; path = ExamplesViewController.m; sourceTree = "<group>"; };
		B693851F20CFDF5100EDAABF /* rank2.png */ = {isa = PBXFileReference; lastKnownFileType = image.png; path = rank2.png; sourceTree = "<group>"; };
		B693852120D0B51A00EDAABF /* combine.mp4 */ = {isa = PBXFileReference; lastKnownFileType = file; path = combine.mp4; sourceTree = "<group>"; };
/* End PBXFileReference section */

/* Begin PBXFrameworksBuildPhase section */
		B69384E620CE659F00EDAABF /* Frameworks */ = {
			isa = PBXFrameworksBuildPhase;
			buildActionMask = 2147483647;
			files = (
			);
			runOnlyForDeploymentPostprocessing = 0;
		};
/* End PBXFrameworksBuildPhase section */

/* Begin PBXGroup section */
		B69384E020CE659F00EDAABF = {
			isa = PBXGroup;
			children = (
				B69384EB20CE659F00EDAABF /* notificationAlert */,
				B69384EA20CE659F00EDAABF /* Products */,
			);
			sourceTree = "<group>";
		};
		B69384EA20CE659F00EDAABF /* Products */ = {
			isa = PBXGroup;
			children = (
				B69384E920CE659F00EDAABF /* notificationAlert.app */,
			);
			name = Products;
			sourceTree = "<group>";
		};
		B69384EB20CE659F00EDAABF /* notificationAlert */ = {
			isa = PBXGroup;
			children = (
				B69384EC20CE659F00EDAABF /* AppDelegate.h */,
				B693851F20CFDF5100EDAABF /* rank2.png */,
				B693852120D0B51A00EDAABF /* combine.mp4 */,
				B69384ED20CE659F00EDAABF /* AppDelegate.m */,
				B69384EF20CE659F00EDAABF /* ViewController.h */,
				B69384F020CE659F00EDAABF /* ViewController.m */,
				B693850B20CE88BF00EDAABF /* NotificationCell.h */,
				B693850C20CE88BF00EDAABF /* NotificationCell.m */,
				B693850D20CE88BF00EDAABF /* NotificationCell.xib */,
				B693850820CE7DAB00EDAABF /* AddViewController.h */,
				B693850920CE7DAB00EDAABF /* AddViewController.m */,
				B693851C20CFD81900EDAABF /* ExamplesViewController.h */,
				B693851D20CFD81900EDAABF /* ExamplesViewController.m */,
				B693850520CE675F00EDAABF /* NotificationModel.h */,
				B693850620CE675F00EDAABF /* NotificationModel.m */,
				B693850220CE666D00EDAABF /* NotificationManager.h */,
				B693850320CE666D00EDAABF /* NotificationManager.m */,
				B69384F220CE659F00EDAABF /* Main.storyboard */,
				B69384F520CE65A000EDAABF /* Assets.xcassets */,
				B69384F720CE65A000EDAABF /* LaunchScreen.storyboard */,
				B69384FA20CE65A000EDAABF /* Info.plist */,
				B69384FB20CE65A000EDAABF /* main.m */,
			);
			path = notificationAlert;
			sourceTree = "<group>";
		};
/* End PBXGroup section */

/* Begin PBXNativeTarget section */
		B69384E820CE659F00EDAABF /* notificationAlert */ = {
			isa = PBXNativeTarget;
			buildConfigurationList = B69384FF20CE65A000EDAABF /* Build configuration list for PBXNativeTarget "notificationAlert" */;
			buildPhases = (
				B69384E520CE659F00EDAABF /* Sources */,
				B69384E620CE659F00EDAABF /* Frameworks */,
				B69384E720CE659F00EDAABF /* Resources */,
			);
			buildRules = (
			);
			dependencies = (
			);
			name = notificationAlert;
			productName = notificationAlert;
			productReference = B69384E920CE659F00EDAABF /* notificationAlert.app */;
			productType = "com.apple.product-type.application";
		};
/* End PBXNativeTarget section */

/* Begin PBXProject section */
		B69384E120CE659F00EDAABF /* Project object */ = {
			isa = PBXProject;
			attributes = {
				LastUpgradeCheck = 0940;
				ORGANIZATIONNAME = careyang;
				TargetAttributes = {
					B69384E820CE659F00EDAABF = {
						CreatedOnToolsVersion = 9.4;
					};
				};
			};
			buildConfigurationList = B69384E420CE659F00EDAABF /* Build configuration list for PBXProject "notificationAlert" */;
			compatibilityVersion = "Xcode 9.3";
			developmentRegion = en;
			hasScannedForEncodings = 0;
			knownRegions = (
				en,
				Base,
			);
			mainGroup = B69384E020CE659F00EDAABF;
			productRefGroup = B69384EA20CE659F00EDAABF /* Products */;
			projectDirPath = "";
			projectRoot = "";
			targets = (
				B69384E820CE659F00EDAABF /* notificationAlert */,
			);
		};
/* End PBXProject section */

/* Begin PBXResourcesBuildPhase section */
		B69384E720CE659F00EDAABF /* Resources */ = {
			isa = PBXResourcesBuildPhase;
			buildActionMask = 2147483647;
			files = (
				B693850F20CE88BF00EDAABF /* NotificationCell.xib in Resources */,
				B69384F920CE65A000EDAABF /* LaunchScreen.storyboard in Resources */,
				B69384F620CE65A000EDAABF /* Assets.xcassets in Resources */,
				B693852020CFDF5100EDAABF /* rank2.png in Resources */,
				B69384F420CE659F00EDAABF /* Main.storyboard in Resources */,
				B693852220D0B51A00EDAABF /* combine.mp4 in Resources */,
			);
			runOnlyForDeploymentPostprocessing = 0;
		};
/* End PBXResourcesBuildPhase section */

/* Begin PBXSourcesBuildPhase section */
		B69384E520CE659F00EDAABF /* Sources */ = {
			isa = PBXSourcesBuildPhase;
			buildActionMask = 2147483647;
			files = (
				B693850E20CE88BF00EDAABF /* NotificationCell.m in Sources */,
				B693851E20CFD81900EDAABF /* ExamplesViewController.m in Sources */,
				B69384F120CE659F00EDAABF /* ViewController.m in Sources */,
				B69384FC20CE65A000EDAABF /* main.m in Sources */,
				B693850A20CE7DAB00EDAABF /* AddViewController.m in Sources */,
				B693850720CE675F00EDAABF /* NotificationModel.m in Sources */,
				B693850420CE666D00EDAABF /* NotificationManager.m in Sources */,
				B69384EE20CE659F00EDAABF /* AppDelegate.m in Sources */,
			);
			runOnlyForDeploymentPostprocessing = 0;
		};
/* End PBXSourcesBuildPhase section */

/* Begin PBXVariantGroup section */
		B69384F220CE659F00EDAABF /* Main.storyboard */ = {
			isa = PBXVariantGroup;
			children = (
				B69384F320CE659F00EDAABF /* Base */,
			);
			name = Main.storyboard;
			sourceTree = "<group>";
		};
		B69384F720CE65A000EDAABF /* LaunchScreen.storyboard */ = {
			isa = PBXVariantGroup;
			children = (
				B69384F820CE65A000EDAABF /* Base */,
			);
			name = LaunchScreen.storyboard;
			sourceTree = "<group>";
		};
/* End PBXVariantGroup section */

/* Begin XCBuildConfiguration section */
		B69384FD20CE65A000EDAABF /* Debug */ = {
			isa = XCBuildConfiguration;
			buildSettings = {
				ALWAYS_SEARCH_USER_PATHS = NO;
				CLANG_ANALYZER_NONNULL = YES;
				CLANG_ANALYZER_NUMBER_OBJECT_CONVERSION = YES_AGGRESSIVE;
				CLANG_CXX_LANGUAGE_STANDARD = "gnu++14";
				CLANG_CXX_LIBRARY = "libc++";
				CLANG_ENABLE_MODULES = YES;
				CLANG_ENABLE_OBJC_ARC = YES;
				CLANG_ENABLE_OBJC_WEAK = YES;
				CLANG_WARN_BLOCK_CAPTURE_AUTORELEASING = YES;
				CLANG_WARN_BOOL_CONVERSION = YES;
				CLANG_WARN_COMMA = YES;
				CLANG_WARN_CONSTANT_CONVERSION = YES;
				CLANG_WARN_DEPRECATED_OBJC_IMPLEMENTATIONS = YES;
				CLANG_WARN_DIRECT_OBJC_ISA_USAGE = YES_ERROR;
				CLANG_WARN_DOCUMENTATION_COMMENTS = YES;
				CLANG_WARN_EMPTY_BODY = YES;
				CLANG_WARN_ENUM_CONVERSION = YES;
				CLANG_WARN_INFINITE_RECURSION = YES;
				CLANG_WARN_INT_CONVERSION = YES;
				CLANG_WARN_NON_LITERAL_NULL_CONVERSION = YES;
				CLANG_WARN_OBJC_IMPLICIT_RETAIN_SELF = YES;
				CLANG_WARN_OBJC_LITERAL_CONVERSION = YES;
				CLANG_WARN_OBJC_ROOT_CLASS = YES_ERROR;
				CLANG_WARN_RANGE_LOOP_ANALYSIS = YES;
				CLANG_WARN_STRICT_PROTOTYPES = YES;
				CLANG_WARN_SUSPICIOUS_MOVE = YES;
				CLANG_WARN_UNGUARDED_AVAILABILITY = YES_AGGRESSIVE;
				CLANG_WARN_UNREACHABLE_CODE = YES;
				CLANG_WARN__DUPLICATE_METHOD_MATCH = YES;
				CODE_SIGN_IDENTITY = "iPhone Developer";
				COPY_PHASE_STRIP = NO;
				DEBUG_INFORMATION_FORMAT = dwarf;
				ENABLE_STRICT_OBJC_MSGSEND = YES;
				ENABLE_TESTABILITY = YES;
				GCC_C_LANGUAGE_STANDARD = gnu11;
				GCC_DYNAMIC_NO_PIC = NO;
				GCC_NO_COMMON_BLOCKS = YES;
				GCC_OPTIMIZATION_LEVEL = 0;
				GCC_PREPROCESSOR_DEFINITIONS = (
					"DEBUG=1",
					"$(inherited)",
				);
				GCC_WARN_64_TO_32_BIT_CONVERSION = YES;
				GCC_WARN_ABOUT_RETURN_TYPE = YES_ERROR;
				GCC_WARN_UNDECLARED_SELECTOR = YES;
				GCC_WARN_UNINITIALIZED_AUTOS = YES_AGGRESSIVE;
				GCC_WARN_UNUSED_FUNCTION = YES;
				GCC_WARN_UNUSED_VARIABLE = YES;
				IPHONEOS_DEPLOYMENT_TARGET = 11.4;
				MTL_ENABLE_DEBUG_INFO = YES;
				ONLY_ACTIVE_ARCH = YES;
				SDKROOT = iphoneos;
			};
			name = Debug;
		};
		B69384FE20CE65A000EDAABF /* Release */ = {
			isa = XCBuildConfiguration;
			buildSettings = {
				ALWAYS_SEARCH_USER_PATHS = NO;
				CLANG_ANALYZER_NONNULL = YES;
				CLANG_ANALYZER_NUMBER_OBJECT_CONVERSION = YES_AGGRESSIVE;
				CLANG_CXX_LANGUAGE_STANDARD = "gnu++14";
				CLANG_CXX_LIBRARY = "libc++";
				CLANG_ENABLE_MODULES = YES;
				CLANG_ENABLE_OBJC_ARC = YES;
				CLANG_ENABLE_OBJC_WEAK = YES;
				CLANG_WARN_BLOCK_CAPTURE_AUTORELEASING = YES;
				CLANG_WARN_BOOL_CONVERSION = YES;
				CLANG_WARN_COMMA = YES;
				CLANG_WARN_CONSTANT_CONVERSION = YES;
				CLANG_WARN_DEPRECATED_OBJC_IMPLEMENTATIONS = YES;
				CLANG_WARN_DIRECT_OBJC_ISA_USAGE = YES_ERROR;
				CLANG_WARN_DOCUMENTATION_COMMENTS = YES;
				CLANG_WARN_EMPTY_BODY = YES;
				CLANG_WARN_ENUM_CONVERSION = YES;
				CLANG_WARN_INFINITE_RECURSION = YES;
				CLANG_WARN_INT_CONVERSION = YES;
				CLANG_WARN_NON_LITERAL_NULL_CONVERSION = YES;
				CLANG_WARN_OBJC_IMPLICIT_RETAIN_SELF = YES;
				CLANG_WARN_OBJC_LITERAL_CONVERSION = YES;
				CLANG_WARN_OBJC_ROOT_CLASS = YES_ERROR;
				CLANG_WARN_RANGE_LOOP_ANALYSIS = YES;
				CLANG_WARN_STRICT_PROTOTYPES = YES;
				CLANG_WARN_SUSPICIOUS_MOVE = YES;
				CLANG_WARN_UNGUARDED_AVAILABILITY = YES_AGGRESSIVE;
				CLANG_WARN_UNREACHABLE_CODE = YES;
				CLANG_WARN__DUPLICATE_METHOD_MATCH = YES;
				CODE_SIGN_IDENTITY = "iPhone Developer";
				COPY_PHASE_STRIP = NO;
				DEBUG_INFORMATION_FORMAT = "dwarf-with-dsym";
				ENABLE_NS_ASSERTIONS = NO;
				ENABLE_STRICT_OBJC_MSGSEND = YES;
				GCC_C_LANGUAGE_STANDARD = gnu11;
				GCC_NO_COMMON_BLOCKS = YES;
				GCC_WARN_64_TO_32_BIT_CONVERSION = YES;
				GCC_WARN_ABOUT_RETURN_TYPE = YES_ERROR;
				GCC_WARN_UNDECLARED_SELECTOR = YES;
				GCC_WARN_UNINITIALIZED_AUTOS = YES_AGGRESSIVE;
				GCC_WARN_UNUSED_FUNCTION = YES;
				GCC_WARN_UNUSED_VARIABLE = YES;
				IPHONEOS_DEPLOYMENT_TARGET = 11.4;
				MTL_ENABLE_DEBUG_INFO = NO;
				SDKROOT = iphoneos;
				VALIDATE_PRODUCT = YES;
			};
			name = Release;
		};
		B693850020CE65A000EDAABF /* Debug */ = {
			isa = XCBuildConfiguration;
			buildSettings = {
				ASSETCATALOG_COMPILER_APPICON_NAME = AppIcon;
				CODE_SIGN_STYLE = Automatic;
				DEVELOPMENT_TEAM = 55XR46YBM9;
				INFOPLIST_FILE = notificationAlert/Info.plist;
				LD_RUNPATH_SEARCH_PATHS = (
					"$(inherited)",
					"@executable_path/Frameworks",
				);
				PRODUCT_BUNDLE_IDENTIFIER = com.careyang.notificationAlert;
				PRODUCT_NAME = "$(TARGET_NAME)";
				TARGETED_DEVICE_FAMILY = "1,2";
			};
			name = Debug;
		};
		B693850120CE65A000EDAABF /* Release */ = {
			isa = XCBuildConfiguration;
			buildSettings = {
				ASSETCATALOG_COMPILER_APPICON_NAME = AppIcon;
				CODE_SIGN_STYLE = Automatic;
				DEVELOPMENT_TEAM = 55XR46YBM9;
				INFOPLIST_FILE = notificationAlert/Info.plist;
				LD_RUNPATH_SEARCH_PATHS = (
					"$(inherited)",
					"@executable_path/Frameworks",
				);
				PRODUCT_BUNDLE_IDENTIFIER = com.careyang.notificationAlert;
				PRODUCT_NAME = "$(TARGET_NAME)";
				TARGETED_DEVICE_FAMILY = "1,2";
			};
			name = Release;
		};
/* End XCBuildConfiguration section */

/* Begin XCConfigurationList section */
		B69384E420CE659F00EDAABF /* Build configuration list for PBXProject "notificationAlert" */ = {
			isa = XCConfigurationList;
			buildConfigurations = (
				B69384FD20CE65A000EDAABF /* Debug */,
				B69384FE20CE65A000EDAABF /* Release */,
			);
			defaultConfigurationIsVisible = 0;
			defaultConfigurationName = Release;
		};
		B69384FF20CE65A000EDAABF /* Build configuration list for PBXNativeTarget "notificationAlert" */ = {
			isa = XCConfigurationList;
			buildConfigurations = (
				B693850020CE65A000EDAABF /* Debug */,
				B693850120CE65A000EDAABF /* Release */,
			);
			defaultConfigurationIsVisible = 0;
			defaultConfigurationName = Release;
		};
/* End XCConfigurationList section */
	};
	rootObject = B69384E120CE659F00EDAABF /* Project object */;
}
